
Microsoft Visual Studio Solution File, Format Version 12.00
# Visual Studio Version 16
VisualStudioVersion = 16.0.29814.53
MinimumVisualStudioVersion = 10.0.40219.1
Project("{8BC9CEB8-8B4A-11D0-8D11-00A0C91BC942}") = "TestCarte", "TestCarte.vcxproj", "{5F943719-86FA-3DD9-ABFE-4A273D7806F2}"
EndProject
Global
	GlobalSection(SolutionConfigurationPlatforms) = preSolution
		Debug|x64 = Debug|x64
		Release|x64 = Release|x64
	EndGlobalSection
	GlobalSection(ProjectConfigurationPlatforms) = postSolution
		{5F943719-86FA-3DD9-ABFE-4A273D7806F2}.Debug|x64.ActiveCfg = Debug|x64
		{5F943719-86FA-3DD9-ABFE-4A273D7806F2}.Debug|x64.Build.0 = Debug|x64
		{5F943719-86FA-3DD9-ABFE-4A273D7806F2}.Release|x64.ActiveCfg = Release|x64
		{5F943719-86FA-3DD9-ABFE-4A273D7806F2}.Release|x64.Build.0 = Release|x64
	EndGlobalSection
	GlobalSection(SolutionProperties) = preSolution
		HideSolutionNode = FALSE
	EndGlobalSection
	GlobalSection(ExtensibilityGlobals) = postSolution
		SolutionGuid = {DD8EE66F-DA43-4795-8762-8E27CBAA0205}
	EndGlobalSection
EndGlobal
